
Microsoft Visual Studio Solution File, Format Version 12.00
# Visual Studio 15
VisualStudioVersion = 15.0.27130.2003
MinimumVisualStudioVersion = 10.0.40219.1
Project("{FAE04EC0-301F-11D3-BF4B-00C04F79EFBC}") = "CmdMp3CsNetForYoutube", "CmdMp3CsNetForYoutube\CmdMp3CsNetForYoutube.csproj", "{A293798D-3F48-473C-995D-903F8473624A}"
EndProject
Global
	GlobalSection(SolutionConfigurationPlatforms) = preSolution
		Debug|Any CPU = Debug|Any CPU
		Release|Any CPU = Release|Any CPU
	EndGlobalSection
	GlobalSection(ProjectConfigurationPlatforms) = postSolution
		{A293798D-3F48-473C-995D-903F8473624A}.Debug|Any CPU.ActiveCfg = Debug|Any CPU
		{A293798D-3F48-473C-995D-903F8473624A}.Debug|Any CPU.Build.0 = Debug|Any CPU
		{A293798D-3F48-473C-995D-903F8473624A}.Release|Any CPU.ActiveCfg = Release|Any CPU
		{A293798D-3F48-473C-995D-903F8473624A}.Release|Any CPU.Build.0 = Release|Any CPU
	EndGlobalSection
	GlobalSection(SolutionProperties) = preSolution
		HideSolutionNode = FALSE
	EndGlobalSection
	GlobalSection(ExtensibilityGlobals) = postSolution
		SolutionGuid = {AAF5DEB9-5F43-4D5F-9884-AF266A643F5C}
	EndGlobalSection
EndGlobal
